
Microsoft Visual Studio Solution File, Format Version 12.00
# Visual Studio 15
VisualStudioVersion = 15.0.28307.902
MinimumVisualStudioVersion = 10.0.40219.1
Project("{FAE04EC0-301F-11D3-BF4B-00C04F79EFBC}") = "Practica 1", "Practica 1\Practica 1.csproj", "{19F06F2C-6F12-4CC8-98A8-AA58D9ADCE99}"
EndProject
Project("{FAE04EC0-301F-11D3-BF4B-00C04F79EFBC}") = "Practica 2", "Practica 2\Practica 2.csproj", "{EF357F35-C43C-4CD6-BE9A-C76D2639F835}"
EndProject
Project("{FAE04EC0-301F-11D3-BF4B-00C04F79EFBC}") = "Practica 3", "Practica 3\Practica 3.csproj", "{096A7C56-5449-4F96-A642-3726A33742DF}"
EndProject
Project("{FAE04EC0-301F-11D3-BF4B-00C04F79EFBC}") = "Practica 4", "Practica 4\Practica 4.csproj", "{20E62297-07D5-47B4-9C5C-84AFC597B055}"
EndProject
Global
	GlobalSection(SolutionConfigurationPlatforms) = preSolution
		Debug|Any CPU = Debug|Any CPU
		Release|Any CPU = Release|Any CPU
	EndGlobalSection
	GlobalSection(ProjectConfigurationPlatforms) = postSolution
		{19F06F2C-6F12-4CC8-98A8-AA58D9ADCE99}.Debug|Any CPU.ActiveCfg = Debug|Any CPU
		{19F06F2C-6F12-4CC8-98A8-AA58D9ADCE99}.Debug|Any CPU.Build.0 = Debug|Any CPU
		{19F06F2C-6F12-4CC8-98A8-AA58D9ADCE99}.Release|Any CPU.ActiveCfg = Release|Any CPU
		{19F06F2C-6F12-4CC8-98A8-AA58D9ADCE99}.Release|Any CPU.Build.0 = Release|Any CPU
		{EF357F35-C43C-4CD6-BE9A-C76D2639F835}.Debug|Any CPU.ActiveCfg = Debug|Any CPU
		{EF357F35-C43C-4CD6-BE9A-C76D2639F835}.Debug|Any CPU.Build.0 = Debug|Any CPU
		{EF357F35-C43C-4CD6-BE9A-C76D2639F835}.Release|Any CPU.ActiveCfg = Release|Any CPU
		{EF357F35-C43C-4CD6-BE9A-C76D2639F835}.Release|Any CPU.Build.0 = Release|Any CPU
		{096A7C56-5449-4F96-A642-3726A33742DF}.Debug|Any CPU.ActiveCfg = Debug|Any CPU
		{096A7C56-5449-4F96-A642-3726A33742DF}.Debug|Any CPU.Build.0 = Debug|Any CPU
		{096A7C56-5449-4F96-A642-3726A33742DF}.Release|Any CPU.ActiveCfg = Release|Any CPU
		{096A7C56-5449-4F96-A642-3726A33742DF}.Release|Any CPU.Build.0 = Release|Any CPU
		{20E62297-07D5-47B4-9C5C-84AFC597B055}.Debug|Any CPU.ActiveCfg = Debug|Any CPU
		{20E62297-07D5-47B4-9C5C-84AFC597B055}.Debug|Any CPU.Build.0 = Debug|Any CPU
		{20E62297-07D5-47B4-9C5C-84AFC597B055}.Release|Any CPU.ActiveCfg = Release|Any CPU
		{20E62297-07D5-47B4-9C5C-84AFC597B055}.Release|Any CPU.Build.0 = Release|Any CPU
	EndGlobalSection
	GlobalSection(SolutionProperties) = preSolution
		HideSolutionNode = FALSE
	EndGlobalSection
	GlobalSection(ExtensibilityGlobals) = postSolution
		SolutionGuid = {50110E97-73F8-444C-BEF3-066996E668AF}
	EndGlobalSection
EndGlobal
